// !$*UTF8*$!
{
	archiveVersion = 1;
	classes = {
	};
	objectVersion = 46;
	objects = {

/* Begin PBXBuildFile section */
		4D9BAE1C19C4CD4800E4F702 /* dot_scan_point.cpp in Sources */ = {isa = PBXBuildFile; fileRef = 4D9BAE1A19C4CD4800E4F702 /* dot_scan_point.cpp */; };
		4DB4D2CA19A23023006AFAC1 /* RtMidi.cpp in Sources */ = {isa = PBXBuildFile; fileRef = 4DB4D29919A22F0E006AFAC1 /* RtMidi.cpp */; };
		4DB4D2CB19A23023006AFAC1 /* ofxRtMidiIn.cpp in Sources */ = {isa = PBXBuildFile; fileRef = 4DB4D2A619A22F0E006AFAC1 /* ofxRtMidiIn.cpp */; };
		4DB4D2CC19A23023006AFAC1 /* ofxRtMidiOut.cpp in Sources */ = {isa = PBXBuildFile; fileRef = 4DB4D2A819A22F0E006AFAC1 /* ofxRtMidiOut.cpp */; };
		4DB4D2CD19A23023006AFAC1 /* ofxBaseMidi.cpp in Sources */ = {isa = PBXBuildFile; fileRef = 4DB4D2B519A22F0E006AFAC1 /* ofxBaseMidi.cpp */; };
		4DB4D2CE19A23023006AFAC1 /* ofxMidi.cpp in Sources */ = {isa = PBXBuildFile; fileRef = 4DB4D2B719A22F0E006AFAC1 /* ofxMidi.cpp */; };
		4DB4D2CF19A23023006AFAC1 /* ofxMidiIn.cpp in Sources */ = {isa = PBXBuildFile; fileRef = 4DB4D2BA19A22F0E006AFAC1 /* ofxMidiIn.cpp */; };
		4DB4D2D019A23023006AFAC1 /* ofxMidiMessage.cpp in Sources */ = {isa = PBXBuildFile; fileRef = 4DB4D2BC19A22F0E006AFAC1 /* ofxMidiMessage.cpp */; };
		4DB4D2D119A23023006AFAC1 /* ofxMidiOut.cpp in Sources */ = {isa = PBXBuildFile; fileRef = 4DB4D2BE19A22F0E006AFAC1 /* ofxMidiOut.cpp */; };
		4DB4D2D419A23058006AFAC1 /* CoreMIDI.framework in Frameworks */ = {isa = PBXBuildFile; fileRef = 4DB4D2D319A23058006AFAC1 /* CoreMIDI.framework */; };
		BBAB23CB13894F3D00AA2426 /* GLUT.framework in CopyFiles */ = {isa = PBXBuildFile; fileRef = BBAB23BE13894E4700AA2426 /* GLUT.framework */; };
		E4328149138ABC9F0047C5CB /* openFrameworksDebug.a in Frameworks */ = {isa = PBXBuildFile; fileRef = E4328148138ABC890047C5CB /* openFrameworksDebug.a */; };
		E45BE97B0E8CC7DD009D7055 /* AGL.framework in Frameworks */ = {isa = PBXBuildFile; fileRef = E45BE9710E8CC7DD009D7055 /* AGL.framework */; };
		E45BE97C0E8CC7DD009D7055 /* ApplicationServices.framework in Frameworks */ = {isa = PBXBuildFile; fileRef = E45BE9720E8CC7DD009D7055 /* ApplicationServices.framework */; };
		E45BE97D0E8CC7DD009D7055 /* AudioToolbox.framework in Frameworks */ = {isa = PBXBuildFile; fileRef = E45BE9730E8CC7DD009D7055 /* AudioToolbox.framework */; };
		E45BE97F0E8CC7DD009D7055 /* CoreAudio.framework in Frameworks */ = {isa = PBXBuildFile; fileRef = E45BE9750E8CC7DD009D7055 /* CoreAudio.framework */; };
		E45BE9800E8CC7DD009D7055 /* CoreFoundation.framework in Frameworks */ = {isa = PBXBuildFile; fileRef = E45BE9760E8CC7DD009D7055 /* CoreFoundation.framework */; };
		E45BE9810E8CC7DD009D7055 /* CoreServices.framework in Frameworks */ = {isa = PBXBuildFile; fileRef = E45BE9770E8CC7DD009D7055 /* CoreServices.framework */; };
		E45BE9830E8CC7DD009D7055 /* OpenGL.framework in Frameworks */ = {isa = PBXBuildFile; fileRef = E45BE9790E8CC7DD009D7055 /* OpenGL.framework */; };
		E45BE9840E8CC7DD009D7055 /* QuickTime.framework in Frameworks */ = {isa = PBXBuildFile; fileRef = E45BE97A0E8CC7DD009D7055 /* QuickTime.framework */; };
		E4B69E200A3A1BDC003C02F2 /* main.cpp in Sources */ = {isa = PBXBuildFile; fileRef = E4B69E1D0A3A1BDC003C02F2 /* main.cpp */; };
		E4B69E210A3A1BDC003C02F2 /* ofApp.cpp in Sources */ = {isa = PBXBuildFile; fileRef = E4B69E1E0A3A1BDC003C02F2 /* ofApp.cpp */; };
		E4C2424710CC5A17004149E2 /* AppKit.framework in Frameworks */ = {isa = PBXBuildFile; fileRef = E4C2424410CC5A17004149E2 /* AppKit.framework */; };
		E4C2424810CC5A17004149E2 /* Cocoa.framework in Frameworks */ = {isa = PBXBuildFile; fileRef = E4C2424510CC5A17004149E2 /* Cocoa.framework */; };
		E4C2424910CC5A17004149E2 /* IOKit.framework in Frameworks */ = {isa = PBXBuildFile; fileRef = E4C2424610CC5A17004149E2 /* IOKit.framework */; };
		E4EB6799138ADC1D00A09F29 /* GLUT.framework in Frameworks */ = {isa = PBXBuildFile; fileRef = BBAB23BE13894E4700AA2426 /* GLUT.framework */; };
		E7E077E515D3B63C0020DFD4 /* CoreVideo.framework in Frameworks */ = {isa = PBXBuildFile; fileRef = E7E077E415D3B63C0020DFD4 /* CoreVideo.framework */; };
		E7E077E815D3B6510020DFD4 /* QTKit.framework in Frameworks */ = {isa = PBXBuildFile; fileRef = E7E077E715D3B6510020DFD4 /* QTKit.framework */; };
		E7F985F815E0DEA3003869B5 /* Accelerate.framework in Frameworks */ = {isa = PBXBuildFile; fileRef = E7F985F515E0DE99003869B5 /* Accelerate.framework */; };
		F651A78E19AA3B92007A48FC /* IpEndpointName.cpp in Sources */ = {isa = PBXBuildFile; fileRef = F651A76819AA3AFD007A48FC /* IpEndpointName.cpp */; };
		F651A78F19AA3B92007A48FC /* NetworkingUtils.cpp in Sources */ = {isa = PBXBuildFile; fileRef = F651A76D19AA3AFD007A48FC /* NetworkingUtils.cpp */; };
		F651A79019AA3B92007A48FC /* UdpSocket.cpp in Sources */ = {isa = PBXBuildFile; fileRef = F651A76E19AA3AFD007A48FC /* UdpSocket.cpp */; };
		F651A79119AA3B92007A48FC /* OscOutboundPacketStream.cpp in Sources */ = {isa = PBXBuildFile; fileRef = F651A77819AA3AFD007A48FC /* OscOutboundPacketStream.cpp */; };
		F651A79219AA3B92007A48FC /* OscPrintReceivedElements.cpp in Sources */ = {isa = PBXBuildFile; fileRef = F651A77B19AA3AFD007A48FC /* OscPrintReceivedElements.cpp */; };
		F651A79319AA3B92007A48FC /* OscReceivedElements.cpp in Sources */ = {isa = PBXBuildFile; fileRef = F651A77D19AA3AFD007A48FC /* OscReceivedElements.cpp */; };
		F651A79419AA3B92007A48FC /* OscTypes.cpp in Sources */ = {isa = PBXBuildFile; fileRef = F651A77F19AA3AFD007A48FC /* OscTypes.cpp */; };
		F651A79519AA3BE3007A48FC /* ofxOscBundle.cpp in Sources */ = {isa = PBXBuildFile; fileRef = F651A78419AA3AFD007A48FC /* ofxOscBundle.cpp */; };
		F651A79619AA3BE3007A48FC /* ofxOscMessage.cpp in Sources */ = {isa = PBXBuildFile; fileRef = F651A78619AA3AFD007A48FC /* ofxOscMessage.cpp */; };
		F651A79719AA3BE3007A48FC /* ofxOscParameterSync.cpp in Sources */ = {isa = PBXBuildFile; fileRef = F651A78819AA3AFD007A48FC /* ofxOscParameterSync.cpp */; };
		F651A79819AA3BE3007A48FC /* ofxOscReceiver.cpp in Sources */ = {isa = PBXBuildFile; fileRef = F651A78A19AA3AFD007A48FC /* ofxOscReceiver.cpp */; };
		F651A79919AA3BE3007A48FC /* ofxOscSender.cpp in Sources */ = {isa = PBXBuildFile; fileRef = F651A78C19AA3AFD007A48FC /* ofxOscSender.cpp */; };
/* End PBXBuildFile section */

/* Begin PBXContainerItemProxy section */
		E4328147138ABC890047C5CB /* PBXContainerItemProxy */ = {
			isa = PBXContainerItemProxy;
			containerPortal = E4328143138ABC890047C5CB /* openFrameworksLib.xcodeproj */;
			proxyType = 2;
			remoteGlobalIDString = E4B27C1510CBEB8E00536013;
			remoteInfo = openFrameworks;
		};
		E4EEB9AB138B136A00A80321 /* PBXContainerItemProxy */ = {
			isa = PBXContainerItemProxy;
			containerPortal = E4328143138ABC890047C5CB /* openFrameworksLib.xcodeproj */;
			proxyType = 1;
			remoteGlobalIDString = E4B27C1410CBEB8E00536013;
			remoteInfo = openFrameworks;
		};
/* End PBXContainerItemProxy section */

/* Begin PBXCopyFilesBuildPhase section */
		E4C2427710CC5ABF004149E2 /* CopyFiles */ = {
			isa = PBXCopyFilesBuildPhase;
			buildActionMask = 2147483647;
			dstPath = "";
			dstSubfolderSpec = 10;
			files = (
				BBAB23CB13894F3D00AA2426 /* GLUT.framework in CopyFiles */,
			);
			runOnlyForDeploymentPostprocessing = 0;
		};
/* End PBXCopyFilesBuildPhase section */

/* Begin PBXFileReference section */
		4D9BAE1A19C4CD4800E4F702 /* dot_scan_point.cpp */ = {isa = PBXFileReference; fileEncoding = 4; lastKnownFileType = sourcecode.cpp.cpp; path = dot_scan_point.cpp; sourceTree = "<group>"; };
		4D9BAE1B19C4CD4800E4F702 /* dot_scan_point.h */ = {isa = PBXFileReference; fileEncoding = 4; lastKnownFileType = sourcecode.c.h; path = dot_scan_point.h; sourceTree = "<group>"; };
		4DB4D28D19A22F0E006AFAC1 /* iOSVersionDetection.h */ = {isa = PBXFileReference; lastKnownFileType = sourcecode.c.h; path = iOSVersionDetection.h; sourceTree = "<group>"; };
		4DB4D28E19A22F0E006AFAC1 /* PGArc.h */ = {isa = PBXFileReference; lastKnownFileType = sourcecode.c.h; path = PGArc.h; sourceTree = "<group>"; };
		4DB4D28F19A22F0E006AFAC1 /* PGMidi.h */ = {isa = PBXFileReference; lastKnownFileType = sourcecode.c.h; path = PGMidi.h; sourceTree = "<group>"; };
		4DB4D29019A22F0E006AFAC1 /* PGMidi.mm */ = {isa = PBXFileReference; lastKnownFileType = sourcecode.cpp.objcpp; path = PGMidi.mm; sourceTree = "<group>"; };
		4DB4D29119A22F0E006AFAC1 /* PGMidiAllSources.h */ = {isa = PBXFileReference; lastKnownFileType = sourcecode.c.h; path = PGMidiAllSources.h; sourceTree = "<group>"; };
		4DB4D29219A22F0E006AFAC1 /* PGMidiAllSources.mm */ = {isa = PBXFileReference; lastKnownFileType = sourcecode.cpp.objcpp; path = PGMidiAllSources.mm; sourceTree = "<group>"; };
		4DB4D29319A22F0E006AFAC1 /* PGMidiFind.h */ = {isa = PBXFileReference; lastKnownFileType = sourcecode.c.h; path = PGMidiFind.h; sourceTree = "<group>"; };
		4DB4D29419A22F0E006AFAC1 /* PGMidiFind.mm */ = {isa = PBXFileReference; lastKnownFileType = sourcecode.cpp.objcpp; path = PGMidiFind.mm; sourceTree = "<group>"; };
		4DB4D29519A22F0E006AFAC1 /* README.md */ = {isa = PBXFileReference; lastKnownFileType = text; path = README.md; sourceTree = "<group>"; };
		4DB4D29719A22F0E006AFAC1 /* readme */ = {isa = PBXFileReference; lastKnownFileType = text; path = readme; sourceTree = "<group>"; };
		4DB4D29819A22F0E006AFAC1 /* RtError.h */ = {isa = PBXFileReference; lastKnownFileType = sourcecode.c.h; path = RtError.h; sourceTree = "<group>"; };
		4DB4D29919A22F0E006AFAC1 /* RtMidi.cpp */ = {isa = PBXFileReference; lastKnownFileType = sourcecode.cpp.cpp; path = RtMidi.cpp; sourceTree = "<group>"; };
		4DB4D29A19A22F0E006AFAC1 /* RtMidi.h */ = {isa = PBXFileReference; lastKnownFileType = sourcecode.c.h; path = RtMidi.h; sourceTree = "<group>"; };
		4DB4D29F19A22F0E006AFAC1 /* midi_din.png */ = {isa = PBXFileReference; lastKnownFileType = image.png; path = midi_din.png; sourceTree = "<group>"; };
		4DB4D2A019A22F0E006AFAC1 /* miditest.pd */ = {isa = PBXFileReference; lastKnownFileType = text; path = miditest.pd; sourceTree = "<group>"; };
		4DB4D2A219A22F0E006AFAC1 /* update_pgmidi.sh */ = {isa = PBXFileReference; lastKnownFileType = text.script.sh; path = update_pgmidi.sh; sourceTree = "<group>"; };
		4DB4D2A319A22F0E006AFAC1 /* update_rtmidi.sh */ = {isa = PBXFileReference; lastKnownFileType = text.script.sh; path = update_rtmidi.sh; sourceTree = "<group>"; };
		4DB4D2A619A22F0E006AFAC1 /* ofxRtMidiIn.cpp */ = {isa = PBXFileReference; lastKnownFileType = sourcecode.cpp.cpp; path = ofxRtMidiIn.cpp; sourceTree = "<group>"; };
		4DB4D2A719A22F0E006AFAC1 /* ofxRtMidiIn.h */ = {isa = PBXFileReference; lastKnownFileType = sourcecode.c.h; path = ofxRtMidiIn.h; sourceTree = "<group>"; };
		4DB4D2A819A22F0E006AFAC1 /* ofxRtMidiOut.cpp */ = {isa = PBXFileReference; lastKnownFileType = sourcecode.cpp.cpp; path = ofxRtMidiOut.cpp; sourceTree = "<group>"; };
		4DB4D2A919A22F0E006AFAC1 /* ofxRtMidiOut.h */ = {isa = PBXFileReference; lastKnownFileType = sourcecode.c.h; path = ofxRtMidiOut.h; sourceTree = "<group>"; };
		4DB4D2AB19A22F0E006AFAC1 /* ofxPGMidiContext.h */ = {isa = PBXFileReference; lastKnownFileType = sourcecode.c.h; path = ofxPGMidiContext.h; sourceTree = "<group>"; };
		4DB4D2AC19A22F0E006AFAC1 /* ofxPGMidiContext.mm */ = {isa = PBXFileReference; lastKnownFileType = sourcecode.cpp.objcpp; path = ofxPGMidiContext.mm; sourceTree = "<group>"; };
		4DB4D2AD19A22F0E006AFAC1 /* ofxPGMidiDelegate.h */ = {isa = PBXFileReference; lastKnownFileType = sourcecode.c.h; path = ofxPGMidiDelegate.h; sourceTree = "<group>"; };
		4DB4D2AE19A22F0E006AFAC1 /* ofxPGMidiDelegate.mm */ = {isa = PBXFileReference; lastKnownFileType = sourcecode.cpp.objcpp; path = ofxPGMidiDelegate.mm; sourceTree = "<group>"; };
		4DB4D2AF19A22F0E006AFAC1 /* ofxPGMidiIn.h */ = {isa = PBXFileReference; lastKnownFileType = sourcecode.c.h; path = ofxPGMidiIn.h; sourceTree = "<group>"; };
		4DB4D2B019A22F0E006AFAC1 /* ofxPGMidiIn.mm */ = {isa = PBXFileReference; lastKnownFileType = sourcecode.cpp.objcpp; path = ofxPGMidiIn.mm; sourceTree = "<group>"; };
		4DB4D2B119A22F0E006AFAC1 /* ofxPGMidiOut.h */ = {isa = PBXFileReference; lastKnownFileType = sourcecode.c.h; path = ofxPGMidiOut.h; sourceTree = "<group>"; };
		4DB4D2B219A22F0E006AFAC1 /* ofxPGMidiOut.mm */ = {isa = PBXFileReference; lastKnownFileType = sourcecode.cpp.objcpp; path = ofxPGMidiOut.mm; sourceTree = "<group>"; };
		4DB4D2B319A22F0E006AFAC1 /* ofxPGMidiSourceDelegate.h */ = {isa = PBXFileReference; lastKnownFileType = sourcecode.c.h; path = ofxPGMidiSourceDelegate.h; sourceTree = "<group>"; };
		4DB4D2B419A22F0E006AFAC1 /* ofxPGMidiSourceDelegate.mm */ = {isa = PBXFileReference; lastKnownFileType = sourcecode.cpp.objcpp; path = ofxPGMidiSourceDelegate.mm; sourceTree = "<group>"; };
		4DB4D2B519A22F0E006AFAC1 /* ofxBaseMidi.cpp */ = {isa = PBXFileReference; lastKnownFileType = sourcecode.cpp.cpp; path = ofxBaseMidi.cpp; sourceTree = "<group>"; };
		4DB4D2B619A22F0E006AFAC1 /* ofxBaseMidi.h */ = {isa = PBXFileReference; lastKnownFileType = sourcecode.c.h; path = ofxBaseMidi.h; sourceTree = "<group>"; };
		4DB4D2B719A22F0E006AFAC1 /* ofxMidi.cpp */ = {isa = PBXFileReference; lastKnownFileType = sourcecode.cpp.cpp; path = ofxMidi.cpp; sourceTree = "<group>"; };
		4DB4D2B819A22F0E006AFAC1 /* ofxMidi.h */ = {isa = PBXFileReference; lastKnownFileType = sourcecode.c.h; path = ofxMidi.h; sourceTree = "<group>"; };
		4DB4D2B919A22F0E006AFAC1 /* ofxMidiConstants.h */ = {isa = PBXFileReference; lastKnownFileType = sourcecode.c.h; path = ofxMidiConstants.h; sourceTree = "<group>"; };
		4DB4D2BA19A22F0E006AFAC1 /* ofxMidiIn.cpp */ = {isa = PBXFileReference; lastKnownFileType = sourcecode.cpp.cpp; path = ofxMidiIn.cpp; sourceTree = "<group>"; };
		4DB4D2BB19A22F0E006AFAC1 /* ofxMidiIn.h */ = {isa = PBXFileReference; lastKnownFileType = sourcecode.c.h; path = ofxMidiIn.h; sourceTree = "<group>"; };
		4DB4D2BC19A22F0E006AFAC1 /* ofxMidiMessage.cpp */ = {isa = PBXFileReference; lastKnownFileType = sourcecode.cpp.cpp; path = ofxMidiMessage.cpp; sourceTree = "<group>"; };
		4DB4D2BD19A22F0E006AFAC1 /* ofxMidiMessage.h */ = {isa = PBXFileReference; lastKnownFileType = sourcecode.c.h; path = ofxMidiMessage.h; sourceTree = "<group>"; };
		4DB4D2BE19A22F0E006AFAC1 /* ofxMidiOut.cpp */ = {isa = PBXFileReference; lastKnownFileType = sourcecode.cpp.cpp; path = ofxMidiOut.cpp; sourceTree = "<group>"; };
		4DB4D2BF19A22F0E006AFAC1 /* ofxMidiOut.h */ = {isa = PBXFileReference; lastKnownFileType = sourcecode.c.h; path = ofxMidiOut.h; sourceTree = "<group>"; };
		4DB4D2C019A22F0E006AFAC1 /* ofxMidiTypes.h */ = {isa = PBXFileReference; lastKnownFileType = sourcecode.c.h; path = ofxMidiTypes.h; sourceTree = "<group>"; };
		4DB4D2D319A23058006AFAC1 /* CoreMIDI.framework */ = {isa = PBXFileReference; lastKnownFileType = wrapper.framework; name = CoreMIDI.framework; path = System/Library/Frameworks/CoreMIDI.framework; sourceTree = SDKROOT; };
		BBAB23BE13894E4700AA2426 /* GLUT.framework */ = {isa = PBXFileReference; lastKnownFileType = wrapper.framework; name = GLUT.framework; path = ../../../libs/glut/lib/osx/GLUT.framework; sourceTree = "<group>"; };
		E4328143138ABC890047C5CB /* openFrameworksLib.xcodeproj */ = {isa = PBXFileReference; lastKnownFileType = "wrapper.pb-project"; name = openFrameworksLib.xcodeproj; path = ../../../libs/openFrameworksCompiled/project/osx/openFrameworksLib.xcodeproj; sourceTree = SOURCE_ROOT; };
		E45BE9710E8CC7DD009D7055 /* AGL.framework */ = {isa = PBXFileReference; lastKnownFileType = wrapper.framework; name = AGL.framework; path = /System/Library/Frameworks/AGL.framework; sourceTree = "<absolute>"; };
		E45BE9720E8CC7DD009D7055 /* ApplicationServices.framework */ = {isa = PBXFileReference; lastKnownFileType = wrapper.framework; name = ApplicationServices.framework; path = /System/Library/Frameworks/ApplicationServices.framework; sourceTree = "<absolute>"; };
		E45BE9730E8CC7DD009D7055 /* AudioToolbox.framework */ = {isa = PBXFileReference; lastKnownFileType = wrapper.framework; name = AudioToolbox.framework; path = /System/Library/Frameworks/AudioToolbox.framework; sourceTree = "<absolute>"; };
		E45BE9750E8CC7DD009D7055 /* CoreAudio.framework */ = {isa = PBXFileReference; lastKnownFileType = wrapper.framework; name = CoreAudio.framework; path = /System/Library/Frameworks/CoreAudio.framework; sourceTree = "<absolute>"; };
		E45BE9760E8CC7DD009D7055 /* CoreFoundation.framework */ = {isa = PBXFileReference; lastKnownFileType = wrapper.framework; name = CoreFoundation.framework; path = /System/Library/Frameworks/CoreFoundation.framework; sourceTree = "<absolute>"; };
		E45BE9770E8CC7DD009D7055 /* CoreServices.framework */ = {isa = PBXFileReference; lastKnownFileType = wrapper.framework; name = CoreServices.framework; path = /System/Library/Frameworks/CoreServices.framework; sourceTree = "<absolute>"; };
		E45BE9790E8CC7DD009D7055 /* OpenGL.framework */ = {isa = PBXFileReference; lastKnownFileType = wrapper.framework; name = OpenGL.framework; path = /System/Library/Frameworks/OpenGL.framework; sourceTree = "<absolute>"; };
		E45BE97A0E8CC7DD009D7055 /* QuickTime.framework */ = {isa = PBXFileReference; lastKnownFileType = wrapper.framework; name = QuickTime.framework; path = /System/Library/Frameworks/QuickTime.framework; sourceTree = "<absolute>"; };
		E4B69B5B0A3A1756003C02F2 /* mov_scannerDebug.app */ = {isa = PBXFileReference; explicitFileType = wrapper.application; includeInIndex = 0; path = mov_scannerDebug.app; sourceTree = BUILT_PRODUCTS_DIR; };
		E4B69E1D0A3A1BDC003C02F2 /* main.cpp */ = {isa = PBXFileReference; fileEncoding = 30; lastKnownFileType = sourcecode.cpp.cpp; name = main.cpp; path = src/main.cpp; sourceTree = SOURCE_ROOT; };
		E4B69E1E0A3A1BDC003C02F2 /* ofApp.cpp */ = {isa = PBXFileReference; explicitFileType = sourcecode.cpp.cpp; fileEncoding = 30; name = ofApp.cpp; path = src/ofApp.cpp; sourceTree = SOURCE_ROOT; };
		E4B69E1F0A3A1BDC003C02F2 /* ofApp.h */ = {isa = PBXFileReference; fileEncoding = 30; lastKnownFileType = sourcecode.c.h; name = ofApp.h; path = src/ofApp.h; sourceTree = SOURCE_ROOT; };
		E4B6FCAD0C3E899E008CF71C /* openFrameworks-Info.plist */ = {isa = PBXFileReference; fileEncoding = 30; lastKnownFileType = text.plist.xml; path = "openFrameworks-Info.plist"; sourceTree = "<group>"; };
		E4C2424410CC5A17004149E2 /* AppKit.framework */ = {isa = PBXFileReference; lastKnownFileType = wrapper.framework; name = AppKit.framework; path = /System/Library/Frameworks/AppKit.framework; sourceTree = "<absolute>"; };
		E4C2424510CC5A17004149E2 /* Cocoa.framework */ = {isa = PBXFileReference; lastKnownFileType = wrapper.framework; name = Cocoa.framework; path = /System/Library/Frameworks/Cocoa.framework; sourceTree = "<absolute>"; };
		E4C2424610CC5A17004149E2 /* IOKit.framework */ = {isa = PBXFileReference; lastKnownFileType = wrapper.framework; name = IOKit.framework; path = /System/Library/Frameworks/IOKit.framework; sourceTree = "<absolute>"; };
		E4EB691F138AFCF100A09F29 /* CoreOF.xcconfig */ = {isa = PBXFileReference; fileEncoding = 4; lastKnownFileType = text.xcconfig; name = CoreOF.xcconfig; path = ../../../libs/openFrameworksCompiled/project/osx/CoreOF.xcconfig; sourceTree = SOURCE_ROOT; };
		E4EB6923138AFD0F00A09F29 /* Project.xcconfig */ = {isa = PBXFileReference; fileEncoding = 4; lastKnownFileType = text.xcconfig; path = Project.xcconfig; sourceTree = "<group>"; };
		E7E077E415D3B63C0020DFD4 /* CoreVideo.framework */ = {isa = PBXFileReference; lastKnownFileType = wrapper.framework; name = CoreVideo.framework; path = /System/Library/Frameworks/CoreVideo.framework; sourceTree = "<absolute>"; };
		E7E077E715D3B6510020DFD4 /* QTKit.framework */ = {isa = PBXFileReference; lastKnownFileType = wrapper.framework; name = QTKit.framework; path = /System/Library/Frameworks/QTKit.framework; sourceTree = "<absolute>"; };
		E7F985F515E0DE99003869B5 /* Accelerate.framework */ = {isa = PBXFileReference; lastKnownFileType = wrapper.framework; name = Accelerate.framework; path = /System/Library/Frameworks/Accelerate.framework; sourceTree = "<absolute>"; };
		F651A76819AA3AFD007A48FC /* IpEndpointName.cpp */ = {isa = PBXFileReference; lastKnownFileType = sourcecode.cpp.cpp; path = IpEndpointName.cpp; sourceTree = "<group>"; };
		F651A76919AA3AFD007A48FC /* IpEndpointName.h */ = {isa = PBXFileReference; lastKnownFileType = sourcecode.c.h; path = IpEndpointName.h; sourceTree = "<group>"; };
		F651A76A19AA3AFD007A48FC /* NetworkingUtils.h */ = {isa = PBXFileReference; lastKnownFileType = sourcecode.c.h; path = NetworkingUtils.h; sourceTree = "<group>"; };
		F651A76B19AA3AFD007A48FC /* PacketListener.h */ = {isa = PBXFileReference; lastKnownFileType = sourcecode.c.h; path = PacketListener.h; sourceTree = "<group>"; };
		F651A76D19AA3AFD007A48FC /* NetworkingUtils.cpp */ = {isa = PBXFileReference; lastKnownFileType = sourcecode.cpp.cpp; path = NetworkingUtils.cpp; sourceTree = "<group>"; };
		F651A76E19AA3AFD007A48FC /* UdpSocket.cpp */ = {isa = PBXFileReference; lastKnownFileType = sourcecode.cpp.cpp; path = UdpSocket.cpp; sourceTree = "<group>"; };
		F651A76F19AA3AFD007A48FC /* TimerListener.h */ = {isa = PBXFileReference; lastKnownFileType = sourcecode.c.h; path = TimerListener.h; sourceTree = "<group>"; };
		F651A77019AA3AFD007A48FC /* UdpSocket.h */ = {isa = PBXFileReference; lastKnownFileType = sourcecode.c.h; path = UdpSocket.h; sourceTree = "<group>"; };
		F651A77219AA3AFD007A48FC /* NetworkingUtilsWin.cpp */ = {isa = PBXFileReference; lastKnownFileType = sourcecode.cpp.cpp; path = NetworkingUtilsWin.cpp; sourceTree = "<group>"; };
		F651A77319AA3AFD007A48FC /* UdpSocketWin.cpp */ = {isa = PBXFileReference; lastKnownFileType = sourcecode.cpp.cpp; path = UdpSocketWin.cpp; sourceTree = "<group>"; };
		F651A77519AA3AFD007A48FC /* MessageMappingOscPacketListener.h */ = {isa = PBXFileReference; lastKnownFileType = sourcecode.c.h; path = MessageMappingOscPacketListener.h; sourceTree = "<group>"; };
		F651A77619AA3AFD007A48FC /* OscException.h */ = {isa = PBXFileReference; lastKnownFileType = sourcecode.c.h; path = OscException.h; sourceTree = "<group>"; };
		F651A77719AA3AFD007A48FC /* OscHostEndianness.h */ = {isa = PBXFileReference; lastKnownFileType = sourcecode.c.h; path = OscHostEndianness.h; sourceTree = "<group>"; };
		F651A77819AA3AFD007A48FC /* OscOutboundPacketStream.cpp */ = {isa = PBXFileReference; lastKnownFileType = sourcecode.cpp.cpp; path = OscOutboundPacketStream.cpp; sourceTree = "<group>"; };
		F651A77919AA3AFD007A48FC /* OscOutboundPacketStream.h */ = {isa = PBXFileReference; lastKnownFileType = sourcecode.c.h; path = OscOutboundPacketStream.h; sourceTree = "<group>"; };
		F651A77A19AA3AFD007A48FC /* OscPacketListener.h */ = {isa = PBXFileReference; lastKnownFileType = sourcecode.c.h; path = OscPacketListener.h; sourceTree = "<group>"; };
		F651A77B19AA3AFD007A48FC /* OscPrintReceivedElements.cpp */ = {isa = PBXFileReference; lastKnownFileType = sourcecode.cpp.cpp; path = OscPrintReceivedElements.cpp; sourceTree = "<group>"; };
		F651A77C19AA3AFD007A48FC /* OscPrintReceivedElements.h */ = {isa = PBXFileReference; lastKnownFileType = sourcecode.c.h; path = OscPrintReceivedElements.h; sourceTree = "<group>"; };
		F651A77D19AA3AFD007A48FC /* OscReceivedElements.cpp */ = {isa = PBXFileReference; lastKnownFileType = sourcecode.cpp.cpp; path = OscReceivedElements.cpp; sourceTree = "<group>"; };
		F651A77E19AA3AFD007A48FC /* OscReceivedElements.h */ = {isa = PBXFileReference; lastKnownFileType = sourcecode.c.h; path = OscReceivedElements.h; sourceTree = "<group>"; };
		F651A77F19AA3AFD007A48FC /* OscTypes.cpp */ = {isa = PBXFileReference; lastKnownFileType = sourcecode.cpp.cpp; path = OscTypes.cpp; sourceTree = "<group>"; };
		F651A78019AA3AFD007A48FC /* OscTypes.h */ = {isa = PBXFileReference; lastKnownFileType = sourcecode.c.h; path = OscTypes.h; sourceTree = "<group>"; };
		F651A78219AA3AFD007A48FC /* ofxOsc.h */ = {isa = PBXFileReference; lastKnownFileType = sourcecode.c.h; path = ofxOsc.h; sourceTree = "<group>"; };
		F651A78319AA3AFD007A48FC /* ofxOscArg.h */ = {isa = PBXFileReference; lastKnownFileType = sourcecode.c.h; path = ofxOscArg.h; sourceTree = "<group>"; };
		F651A78419AA3AFD007A48FC /* ofxOscBundle.cpp */ = {isa = PBXFileReference; lastKnownFileType = sourcecode.cpp.cpp; path = ofxOscBundle.cpp; sourceTree = "<group>"; };
		F651A78519AA3AFD007A48FC /* ofxOscBundle.h */ = {isa = PBXFileReference; lastKnownFileType = sourcecode.c.h; path = ofxOscBundle.h; sourceTree = "<group>"; };
		F651A78619AA3AFD007A48FC /* ofxOscMessage.cpp */ = {isa = PBXFileReference; lastKnownFileType = sourcecode.cpp.cpp; path = ofxOscMessage.cpp; sourceTree = "<group>"; };
		F651A78719AA3AFD007A48FC /* ofxOscMessage.h */ = {isa = PBXFileReference; lastKnownFileType = sourcecode.c.h; path = ofxOscMessage.h; sourceTree = "<group>"; };
		F651A78819AA3AFD007A48FC /* ofxOscParameterSync.cpp */ = {isa = PBXFileReference; lastKnownFileType = sourcecode.cpp.cpp; path = ofxOscParameterSync.cpp; sourceTree = "<group>"; };
		F651A78919AA3AFD007A48FC /* ofxOscParameterSync.h */ = {isa = PBXFileReference; lastKnownFileType = sourcecode.c.h; path = ofxOscParameterSync.h; sourceTree = "<group>"; };
		F651A78A19AA3AFD007A48FC /* ofxOscReceiver.cpp */ = {isa = PBXFileReference; lastKnownFileType = sourcecode.cpp.cpp; path = ofxOscReceiver.cpp; sourceTree = "<group>"; };
		F651A78B19AA3AFD007A48FC /* ofxOscReceiver.h */ = {isa = PBXFileReference; lastKnownFileType = sourcecode.c.h; path = ofxOscReceiver.h; sourceTree = "<group>"; };
		F651A78C19AA3AFD007A48FC /* ofxOscSender.cpp */ = {isa = PBXFileReference; lastKnownFileType = sourcecode.cpp.cpp; path = ofxOscSender.cpp; sourceTree = "<group>"; };
		F651A78D19AA3AFD007A48FC /* ofxOscSender.h */ = {isa = PBXFileReference; lastKnownFileType = sourcecode.c.h; path = ofxOscSender.h; sourceTree = "<group>"; };
/* End PBXFileReference section */

/* Begin PBXFrameworksBuildPhase section */
		E4B69B590A3A1756003C02F2 /* Frameworks */ = {
			isa = PBXFrameworksBuildPhase;
			buildActionMask = 2147483647;
			files = (
				4DB4D2D419A23058006AFAC1 /* CoreMIDI.framework in Frameworks */,
				E7F985F815E0DEA3003869B5 /* Accelerate.framework in Frameworks */,
				E7E077E815D3B6510020DFD4 /* QTKit.framework in Frameworks */,
				E4EB6799138ADC1D00A09F29 /* GLUT.framework in Frameworks */,
				E4328149138ABC9F0047C5CB /* openFrameworksDebug.a in Frameworks */,
				E45BE97B0E8CC7DD009D7055 /* AGL.framework in Frameworks */,
				E45BE97C0E8CC7DD009D7055 /* ApplicationServices.framework in Frameworks */,
				E45BE97D0E8CC7DD009D7055 /* AudioToolbox.framework in Frameworks */,
				E45BE97F0E8CC7DD009D7055 /* CoreAudio.framework in Frameworks */,
				E45BE9800E8CC7DD009D7055 /* CoreFoundation.framework in Frameworks */,
				E45BE9810E8CC7DD009D7055 /* CoreServices.framework in Frameworks */,
				E45BE9830E8CC7DD009D7055 /* OpenGL.framework in Frameworks */,
				E45BE9840E8CC7DD009D7055 /* QuickTime.framework in Frameworks */,
				E4C2424710CC5A17004149E2 /* AppKit.framework in Frameworks */,
				E4C2424810CC5A17004149E2 /* Cocoa.framework in Frameworks */,
				E4C2424910CC5A17004149E2 /* IOKit.framework in Frameworks */,
				E7E077E515D3B63C0020DFD4 /* CoreVideo.framework in Frameworks */,
			);
			runOnlyForDeploymentPostprocessing = 0;
		};
/* End PBXFrameworksBuildPhase section */

/* Begin PBXGroup section */
		4DB4D24919A22F0D006AFAC1 /* ofxMidi */ = {
			isa = PBXGroup;
			children = (
				4DB4D28B19A22F0E006AFAC1 /* libs */,
				4DB4D29E19A22F0E006AFAC1 /* res */,
				4DB4D2A119A22F0E006AFAC1 /* scripts */,
				4DB4D2A419A22F0E006AFAC1 /* src */,
			);
			name = ofxMidi;
			path = ../../../addons/ofxMidi;
			sourceTree = "<group>";
		};
		4DB4D28B19A22F0E006AFAC1 /* libs */ = {
			isa = PBXGroup;
			children = (
				4DB4D28C19A22F0E006AFAC1 /* pgmidi */,
				4DB4D29619A22F0E006AFAC1 /* rtmidi */,
			);
			path = libs;
			sourceTree = "<group>";
		};
		4DB4D28C19A22F0E006AFAC1 /* pgmidi */ = {
			isa = PBXGroup;
			children = (
				4DB4D28D19A22F0E006AFAC1 /* iOSVersionDetection.h */,
				4DB4D28E19A22F0E006AFAC1 /* PGArc.h */,
				4DB4D28F19A22F0E006AFAC1 /* PGMidi.h */,
				4DB4D29019A22F0E006AFAC1 /* PGMidi.mm */,
				4DB4D29119A22F0E006AFAC1 /* PGMidiAllSources.h */,
				4DB4D29219A22F0E006AFAC1 /* PGMidiAllSources.mm */,
				4DB4D29319A22F0E006AFAC1 /* PGMidiFind.h */,
				4DB4D29419A22F0E006AFAC1 /* PGMidiFind.mm */,
				4DB4D29519A22F0E006AFAC1 /* README.md */,
			);
			path = pgmidi;
			sourceTree = "<group>";
		};
		4DB4D29619A22F0E006AFAC1 /* rtmidi */ = {
			isa = PBXGroup;
			children = (
				4DB4D29719A22F0E006AFAC1 /* readme */,
				4DB4D29819A22F0E006AFAC1 /* RtError.h */,
				4DB4D29919A22F0E006AFAC1 /* RtMidi.cpp */,
				4DB4D29A19A22F0E006AFAC1 /* RtMidi.h */,
			);
			path = rtmidi;
			sourceTree = "<group>";
		};
		4DB4D29E19A22F0E006AFAC1 /* res */ = {
			isa = PBXGroup;
			children = (
				4DB4D29F19A22F0E006AFAC1 /* midi_din.png */,
				4DB4D2A019A22F0E006AFAC1 /* miditest.pd */,
			);
			path = res;
			sourceTree = "<group>";
		};
		4DB4D2A119A22F0E006AFAC1 /* scripts */ = {
			isa = PBXGroup;
			children = (
				4DB4D2A219A22F0E006AFAC1 /* update_pgmidi.sh */,
				4DB4D2A319A22F0E006AFAC1 /* update_rtmidi.sh */,
			);
			path = scripts;
			sourceTree = "<group>";
		};
		4DB4D2A419A22F0E006AFAC1 /* src */ = {
			isa = PBXGroup;
			children = (
				4DB4D2A519A22F0E006AFAC1 /* desktop */,
				4DB4D2AA19A22F0E006AFAC1 /* ios */,
				4DB4D2B519A22F0E006AFAC1 /* ofxBaseMidi.cpp */,
				4DB4D2B619A22F0E006AFAC1 /* ofxBaseMidi.h */,
				4DB4D2B719A22F0E006AFAC1 /* ofxMidi.cpp */,
				4DB4D2B819A22F0E006AFAC1 /* ofxMidi.h */,
				4DB4D2B919A22F0E006AFAC1 /* ofxMidiConstants.h */,
				4DB4D2BA19A22F0E006AFAC1 /* ofxMidiIn.cpp */,
				4DB4D2BB19A22F0E006AFAC1 /* ofxMidiIn.h */,
				4DB4D2BC19A22F0E006AFAC1 /* ofxMidiMessage.cpp */,
				4DB4D2BD19A22F0E006AFAC1 /* ofxMidiMessage.h */,
				4DB4D2BE19A22F0E006AFAC1 /* ofxMidiOut.cpp */,
				4DB4D2BF19A22F0E006AFAC1 /* ofxMidiOut.h */,
				4DB4D2C019A22F0E006AFAC1 /* ofxMidiTypes.h */,
			);
			path = src;
			sourceTree = "<group>";
		};
		4DB4D2A519A22F0E006AFAC1 /* desktop */ = {
			isa = PBXGroup;
			children = (
				4DB4D2A619A22F0E006AFAC1 /* ofxRtMidiIn.cpp */,
				4DB4D2A719A22F0E006AFAC1 /* ofxRtMidiIn.h */,
				4DB4D2A819A22F0E006AFAC1 /* ofxRtMidiOut.cpp */,
				4DB4D2A919A22F0E006AFAC1 /* ofxRtMidiOut.h */,
			);
			path = desktop;
			sourceTree = "<group>";
		};
		4DB4D2AA19A22F0E006AFAC1 /* ios */ = {
			isa = PBXGroup;
			children = (
				4DB4D2AB19A22F0E006AFAC1 /* ofxPGMidiContext.h */,
				4DB4D2AC19A22F0E006AFAC1 /* ofxPGMidiContext.mm */,
				4DB4D2AD19A22F0E006AFAC1 /* ofxPGMidiDelegate.h */,
				4DB4D2AE19A22F0E006AFAC1 /* ofxPGMidiDelegate.mm */,
				4DB4D2AF19A22F0E006AFAC1 /* ofxPGMidiIn.h */,
				4DB4D2B019A22F0E006AFAC1 /* ofxPGMidiIn.mm */,
				4DB4D2B119A22F0E006AFAC1 /* ofxPGMidiOut.h */,
				4DB4D2B219A22F0E006AFAC1 /* ofxPGMidiOut.mm */,
				4DB4D2B319A22F0E006AFAC1 /* ofxPGMidiSourceDelegate.h */,
				4DB4D2B419A22F0E006AFAC1 /* ofxPGMidiSourceDelegate.mm */,
			);
			path = ios;
			sourceTree = "<group>";
		};
		BB4B014C10F69532006C3DED /* addons */ = {
			isa = PBXGroup;
			children = (
				F651A76319AA3AFD007A48FC /* ofxOsc */,
				4DB4D24919A22F0D006AFAC1 /* ofxMidi */,
			);
			name = addons;
			sourceTree = "<group>";
		};
		BBAB23C913894ECA00AA2426 /* system frameworks */ = {
			isa = PBXGroup;
			children = (
				E7F985F515E0DE99003869B5 /* Accelerate.framework */,
				E4C2424410CC5A17004149E2 /* AppKit.framework */,
				E4C2424510CC5A17004149E2 /* Cocoa.framework */,
				E4C2424610CC5A17004149E2 /* IOKit.framework */,
				E45BE9710E8CC7DD009D7055 /* AGL.framework */,
				E45BE9720E8CC7DD009D7055 /* ApplicationServices.framework */,
				E45BE9730E8CC7DD009D7055 /* AudioToolbox.framework */,
				E45BE9750E8CC7DD009D7055 /* CoreAudio.framework */,
				E45BE9760E8CC7DD009D7055 /* CoreFoundation.framework */,
				E45BE9770E8CC7DD009D7055 /* CoreServices.framework */,
				E45BE9790E8CC7DD009D7055 /* OpenGL.framework */,
				E45BE97A0E8CC7DD009D7055 /* QuickTime.framework */,
				E7E077E415D3B63C0020DFD4 /* CoreVideo.framework */,
				E7E077E715D3B6510020DFD4 /* QTKit.framework */,
			);
			name = "system frameworks";
			sourceTree = "<group>";
		};
		BBAB23CA13894EDB00AA2426 /* 3rd party frameworks */ = {
			isa = PBXGroup;
			children = (
				BBAB23BE13894E4700AA2426 /* GLUT.framework */,
			);
			name = "3rd party frameworks";
			sourceTree = "<group>";
		};
		E4328144138ABC890047C5CB /* Products */ = {
			isa = PBXGroup;
			children = (
				E4328148138ABC890047C5CB /* openFrameworksDebug.a */,
			);
			name = Products;
			sourceTree = "<group>";
		};
		E45BE5980E8CC70C009D7055 /* frameworks */ = {
			isa = PBXGroup;
			children = (
				BBAB23CA13894EDB00AA2426 /* 3rd party frameworks */,
				BBAB23C913894ECA00AA2426 /* system frameworks */,
			);
			name = frameworks;
			sourceTree = "<group>";
		};
		E4B69B4A0A3A1720003C02F2 = {
			isa = PBXGroup;
			children = (
				4DB4D2D319A23058006AFAC1 /* CoreMIDI.framework */,
				E4B6FCAD0C3E899E008CF71C /* openFrameworks-Info.plist */,
				E4EB6923138AFD0F00A09F29 /* Project.xcconfig */,
				E4B69E1C0A3A1BDC003C02F2 /* src */,
				E4EEC9E9138DF44700A80321 /* openFrameworks */,
				BB4B014C10F69532006C3DED /* addons */,
				E45BE5980E8CC70C009D7055 /* frameworks */,
				E4B69B5B0A3A1756003C02F2 /* mov_scannerDebug.app */,
			);
			sourceTree = "<group>";
		};
		E4B69E1C0A3A1BDC003C02F2 /* src */ = {
			isa = PBXGroup;
			children = (
				E4B69E1D0A3A1BDC003C02F2 /* main.cpp */,
				E4B69E1E0A3A1BDC003C02F2 /* ofApp.cpp */,
				E4B69E1F0A3A1BDC003C02F2 /* ofApp.h */,
				4D9BAE1A19C4CD4800E4F702 /* dot_scan_point.cpp */,
				4D9BAE1B19C4CD4800E4F702 /* dot_scan_point.h */,
			);
			path = src;
			sourceTree = SOURCE_ROOT;
		};
		E4EEC9E9138DF44700A80321 /* openFrameworks */ = {
			isa = PBXGroup;
			children = (
				E4EB691F138AFCF100A09F29 /* CoreOF.xcconfig */,
				E4328143138ABC890047C5CB /* openFrameworksLib.xcodeproj */,
			);
			name = openFrameworks;
			sourceTree = "<group>";
		};
		F651A76319AA3AFD007A48FC /* ofxOsc */ = {
			isa = PBXGroup;
			children = (
				F651A76419AA3AFD007A48FC /* libs */,
				F651A78119AA3AFD007A48FC /* src */,
			);
			name = ofxOsc;
			path = ../../../addons/ofxOsc;
			sourceTree = "<group>";
		};
		F651A76419AA3AFD007A48FC /* libs */ = {
			isa = PBXGroup;
			children = (
				F651A76519AA3AFD007A48FC /* oscpack */,
			);
			path = libs;
			sourceTree = "<group>";
		};
		F651A76519AA3AFD007A48FC /* oscpack */ = {
			isa = PBXGroup;
			children = (
				F651A76619AA3AFD007A48FC /* src */,
			);
			path = oscpack;
			sourceTree = "<group>";
		};
		F651A76619AA3AFD007A48FC /* src */ = {
			isa = PBXGroup;
			children = (
				F651A76719AA3AFD007A48FC /* ip */,
				F651A77419AA3AFD007A48FC /* osc */,
			);
			path = src;
			sourceTree = "<group>";
		};
		F651A76719AA3AFD007A48FC /* ip */ = {
			isa = PBXGroup;
			children = (
				F651A76819AA3AFD007A48FC /* IpEndpointName.cpp */,
				F651A76919AA3AFD007A48FC /* IpEndpointName.h */,
				F651A76A19AA3AFD007A48FC /* NetworkingUtils.h */,
				F651A76B19AA3AFD007A48FC /* PacketListener.h */,
				F651A76C19AA3AFD007A48FC /* posix */,
				F651A76F19AA3AFD007A48FC /* TimerListener.h */,
				F651A77019AA3AFD007A48FC /* UdpSocket.h */,
				F651A77119AA3AFD007A48FC /* win32 */,
			);
			path = ip;
			sourceTree = "<group>";
		};
		F651A76C19AA3AFD007A48FC /* posix */ = {
			isa = PBXGroup;
			children = (
				F651A76D19AA3AFD007A48FC /* NetworkingUtils.cpp */,
				F651A76E19AA3AFD007A48FC /* UdpSocket.cpp */,
			);
			path = posix;
			sourceTree = "<group>";
		};
		F651A77119AA3AFD007A48FC /* win32 */ = {
			isa = PBXGroup;
			children = (
				F651A77219AA3AFD007A48FC /* NetworkingUtilsWin.cpp */,
				F651A77319AA3AFD007A48FC /* UdpSocketWin.cpp */,
			);
			path = win32;
			sourceTree = "<group>";
		};
		F651A77419AA3AFD007A48FC /* osc */ = {
			isa = PBXGroup;
			children = (
				F651A77519AA3AFD007A48FC /* MessageMappingOscPacketListener.h */,
				F651A77619AA3AFD007A48FC /* OscException.h */,
				F651A77719AA3AFD007A48FC /* OscHostEndianness.h */,
				F651A77819AA3AFD007A48FC /* OscOutboundPacketStream.cpp */,
				F651A77919AA3AFD007A48FC /* OscOutboundPacketStream.h */,
				F651A77A19AA3AFD007A48FC /* OscPacketListener.h */,
				F651A77B19AA3AFD007A48FC /* OscPrintReceivedElements.cpp */,
				F651A77C19AA3AFD007A48FC /* OscPrintReceivedElements.h */,
				F651A77D19AA3AFD007A48FC /* OscReceivedElements.cpp */,
				F651A77E19AA3AFD007A48FC /* OscReceivedElements.h */,
				F651A77F19AA3AFD007A48FC /* OscTypes.cpp */,
				F651A78019AA3AFD007A48FC /* OscTypes.h */,
			);
			path = osc;
			sourceTree = "<group>";
		};
		F651A78119AA3AFD007A48FC /* src */ = {
			isa = PBXGroup;
			children = (
				F651A78219AA3AFD007A48FC /* ofxOsc.h */,
				F651A78319AA3AFD007A48FC /* ofxOscArg.h */,
				F651A78419AA3AFD007A48FC /* ofxOscBundle.cpp */,
				F651A78519AA3AFD007A48FC /* ofxOscBundle.h */,
				F651A78619AA3AFD007A48FC /* ofxOscMessage.cpp */,
				F651A78719AA3AFD007A48FC /* ofxOscMessage.h */,
				F651A78819AA3AFD007A48FC /* ofxOscParameterSync.cpp */,
				F651A78919AA3AFD007A48FC /* ofxOscParameterSync.h */,
				F651A78A19AA3AFD007A48FC /* ofxOscReceiver.cpp */,
				F651A78B19AA3AFD007A48FC /* ofxOscReceiver.h */,
				F651A78C19AA3AFD007A48FC /* ofxOscSender.cpp */,
				F651A78D19AA3AFD007A48FC /* ofxOscSender.h */,
			);
			path = src;
			sourceTree = "<group>";
		};
/* End PBXGroup section */

/* Begin PBXNativeTarget section */
		E4B69B5A0A3A1756003C02F2 /* mov_scanner */ = {
			isa = PBXNativeTarget;
			buildConfigurationList = E4B69B5F0A3A1757003C02F2 /* Build configuration list for PBXNativeTarget "mov_scanner" */;
			buildPhases = (
				E4B69B580A3A1756003C02F2 /* Sources */,
				E4B69B590A3A1756003C02F2 /* Frameworks */,
				E4B6FFFD0C3F9AB9008CF71C /* ShellScript */,
				E4C2427710CC5ABF004149E2 /* CopyFiles */,
			);
			buildRules = (
			);
			dependencies = (
				E4EEB9AC138B136A00A80321 /* PBXTargetDependency */,
			);
			name = mov_scanner;
			productName = myOFApp;
			productReference = E4B69B5B0A3A1756003C02F2 /* mov_scannerDebug.app */;
			productType = "com.apple.product-type.application";
		};
/* End PBXNativeTarget section */

/* Begin PBXProject section */
		E4B69B4C0A3A1720003C02F2 /* Project object */ = {
			isa = PBXProject;
			attributes = {
				LastUpgradeCheck = 0460;
			};
			buildConfigurationList = E4B69B4D0A3A1720003C02F2 /* Build configuration list for PBXProject "mov_scanner" */;
			compatibilityVersion = "Xcode 3.2";
			developmentRegion = English;
			hasScannedForEncodings = 0;
			knownRegions = (
				English,
				Japanese,
				French,
				German,
			);
			mainGroup = E4B69B4A0A3A1720003C02F2;
			productRefGroup = E4B69B4A0A3A1720003C02F2;
			projectDirPath = "";
			projectReferences = (
				{
					ProductGroup = E4328144138ABC890047C5CB /* Products */;
					ProjectRef = E4328143138ABC890047C5CB /* openFrameworksLib.xcodeproj */;
				},
			);
			projectRoot = "";
			targets = (
				E4B69B5A0A3A1756003C02F2 /* mov_scanner */,
			);
		};
/* End PBXProject section */

/* Begin PBXReferenceProxy section */
		E4328148138ABC890047C5CB /* openFrameworksDebug.a */ = {
			isa = PBXReferenceProxy;
			fileType = archive.ar;
			path = openFrameworksDebug.a;
			remoteRef = E4328147138ABC890047C5CB /* PBXContainerItemProxy */;
			sourceTree = BUILT_PRODUCTS_DIR;
		};
/* End PBXReferenceProxy section */

/* Begin PBXShellScriptBuildPhase section */
		E4B6FFFD0C3F9AB9008CF71C /* ShellScript */ = {
			isa = PBXShellScriptBuildPhase;
			buildActionMask = 2147483647;
			files = (
			);
			inputPaths = (
			);
			outputPaths = (
			);
			runOnlyForDeploymentPostprocessing = 0;
			shellPath = /bin/sh;
			shellScript = "cp -f ../../../libs/fmodex/lib/osx/libfmodex.dylib \"$TARGET_BUILD_DIR/$PRODUCT_NAME.app/Contents/MacOS/libfmodex.dylib\"; install_name_tool -change ./libfmodex.dylib @executable_path/libfmodex.dylib \"$TARGET_BUILD_DIR/$PRODUCT_NAME.app/Contents/MacOS/$PRODUCT_NAME\";\nmkdir -p \"$TARGET_BUILD_DIR/$PRODUCT_NAME.app/Contents/Resources/\"\ncp -f \"$ICON_FILE\" \"$TARGET_BUILD_DIR/$PRODUCT_NAME.app/Contents/Resources/\"\n";
		};
/* End PBXShellScriptBuildPhase section */

/* Begin PBXSourcesBuildPhase section */
		E4B69B580A3A1756003C02F2 /* Sources */ = {
			isa = PBXSourcesBuildPhase;
			buildActionMask = 2147483647;
			files = (
				F651A79519AA3BE3007A48FC /* ofxOscBundle.cpp in Sources */,
				F651A79619AA3BE3007A48FC /* ofxOscMessage.cpp in Sources */,
				F651A79719AA3BE3007A48FC /* ofxOscParameterSync.cpp in Sources */,
				F651A79819AA3BE3007A48FC /* ofxOscReceiver.cpp in Sources */,
				F651A79919AA3BE3007A48FC /* ofxOscSender.cpp in Sources */,
				F651A78E19AA3B92007A48FC /* IpEndpointName.cpp in Sources */,
				F651A78F19AA3B92007A48FC /* NetworkingUtils.cpp in Sources */,
				F651A79019AA3B92007A48FC /* UdpSocket.cpp in Sources */,
				F651A79119AA3B92007A48FC /* OscOutboundPacketStream.cpp in Sources */,
				F651A79219AA3B92007A48FC /* OscPrintReceivedElements.cpp in Sources */,
				F651A79319AA3B92007A48FC /* OscReceivedElements.cpp in Sources */,
				F651A79419AA3B92007A48FC /* OscTypes.cpp in Sources */,
				4DB4D2CA19A23023006AFAC1 /* RtMidi.cpp in Sources */,
				4DB4D2CB19A23023006AFAC1 /* ofxRtMidiIn.cpp in Sources */,
				4D9BAE1C19C4CD4800E4F702 /* dot_scan_point.cpp in Sources */,
				4DB4D2CC19A23023006AFAC1 /* ofxRtMidiOut.cpp in Sources */,
				4DB4D2CD19A23023006AFAC1 /* ofxBaseMidi.cpp in Sources */,
				4DB4D2CE19A23023006AFAC1 /* ofxMidi.cpp in Sources */,
				4DB4D2CF19A23023006AFAC1 /* ofxMidiIn.cpp in Sources */,
				4DB4D2D019A23023006AFAC1 /* ofxMidiMessage.cpp in Sources */,
				4DB4D2D119A23023006AFAC1 /* ofxMidiOut.cpp in Sources */,
				E4B69E200A3A1BDC003C02F2 /* main.cpp in Sources */,
				E4B69E210A3A1BDC003C02F2 /* ofApp.cpp in Sources */,
			);
			runOnlyForDeploymentPostprocessing = 0;
		};
/* End PBXSourcesBuildPhase section */

/* Begin PBXTargetDependency section */
		E4EEB9AC138B136A00A80321 /* PBXTargetDependency */ = {
			isa = PBXTargetDependency;
			name = openFrameworks;
			targetProxy = E4EEB9AB138B136A00A80321 /* PBXContainerItemProxy */;
		};
/* End PBXTargetDependency section */

/* Begin XCBuildConfiguration section */
		E4B69B4E0A3A1720003C02F2 /* Debug */ = {
			isa = XCBuildConfiguration;
			baseConfigurationReference = E4EB6923138AFD0F00A09F29 /* Project.xcconfig */;
			buildSettings = {
				ARCHS = "$(NATIVE_ARCH)";
				CONFIGURATION_BUILD_DIR = "$(SRCROOT)/bin/";
				COPY_PHASE_STRIP = NO;
				DEAD_CODE_STRIPPING = YES;
				GCC_AUTO_VECTORIZATION = YES;
				GCC_ENABLE_SSE3_EXTENSIONS = YES;
				GCC_ENABLE_SUPPLEMENTAL_SSE3_INSTRUCTIONS = YES;
				GCC_INLINES_ARE_PRIVATE_EXTERN = NO;
				GCC_OPTIMIZATION_LEVEL = 0;
				GCC_SYMBOLS_PRIVATE_EXTERN = NO;
				GCC_WARN_ABOUT_DEPRECATED_FUNCTIONS = YES;
				GCC_WARN_ABOUT_INVALID_OFFSETOF_MACRO = NO;
				GCC_WARN_ALLOW_INCOMPLETE_PROTOCOL = NO;
				GCC_WARN_UNINITIALIZED_AUTOS = NO;
				GCC_WARN_UNUSED_VALUE = NO;
				GCC_WARN_UNUSED_VARIABLE = NO;
				HEADER_SEARCH_PATHS = (
					"$(OF_CORE_HEADERS)",
					src,
					"../../../addons/ofxOsc/**",
				);
				MACOSX_DEPLOYMENT_TARGET = 10.8;
				OTHER_CPLUSPLUSFLAGS = (
					"-D__MACOSX_CORE__",
					"-lpthread",
					"-mtune=native",
				);
				SDKROOT = macosx10.9;
			};
			name = Debug;
		};
		E4B69B4F0A3A1720003C02F2 /* Release */ = {
			isa = XCBuildConfiguration;
			baseConfigurationReference = E4EB6923138AFD0F00A09F29 /* Project.xcconfig */;
			buildSettings = {
				ARCHS = "$(NATIVE_ARCH)";
				CONFIGURATION_BUILD_DIR = "$(SRCROOT)/bin/";
				COPY_PHASE_STRIP = YES;
				DEAD_CODE_STRIPPING = YES;
				GCC_AUTO_VECTORIZATION = YES;
				GCC_ENABLE_SSE3_EXTENSIONS = YES;
				GCC_ENABLE_SUPPLEMENTAL_SSE3_INSTRUCTIONS = YES;
				GCC_INLINES_ARE_PRIVATE_EXTERN = NO;
				GCC_OPTIMIZATION_LEVEL = 3;
				GCC_SYMBOLS_PRIVATE_EXTERN = NO;
				GCC_UNROLL_LOOPS = YES;
				GCC_WARN_ABOUT_DEPRECATED_FUNCTIONS = YES;
				GCC_WARN_ABOUT_INVALID_OFFSETOF_MACRO = NO;
				GCC_WARN_ALLOW_INCOMPLETE_PROTOCOL = NO;
				GCC_WARN_UNINITIALIZED_AUTOS = NO;
				GCC_WARN_UNUSED_VALUE = NO;
				GCC_WARN_UNUSED_VARIABLE = NO;
				HEADER_SEARCH_PATHS = (
					"$(OF_CORE_HEADERS)",
					src,
					"../../../addons/ofxOsc/**",
				);
				ICON_FILE_PATH = "";
				MACOSX_DEPLOYMENT_TARGET = 10.8;
				OTHER_CPLUSPLUSFLAGS = (
					"-D__MACOSX_CORE__",
					"-lpthread",
					"-mtune=native",
				);
				SDKROOT = macosx10.9;
			};
			name = Release;
		};
		E4B69B600A3A1757003C02F2 /* Debug */ = {
			isa = XCBuildConfiguration;
			buildSettings = {
				COMBINE_HIDPI_IMAGES = YES;
				COPY_PHASE_STRIP = NO;
				FRAMEWORK_SEARCH_PATHS = (
					"$(inherited)",
					"$(FRAMEWORK_SEARCH_PATHS_QUOTED_FOR_TARGET_1)",
				);
				FRAMEWORK_SEARCH_PATHS_QUOTED_FOR_TARGET_1 = "\"$(SRCROOT)/../../../libs/glut/lib/osx\"";
				GCC_DYNAMIC_NO_PIC = NO;
				GCC_GENERATE_DEBUGGING_SYMBOLS = YES;
				GCC_MODEL_TUNING = NONE;
				ICON = "$(ICON_NAME_DEBUG)";
				ICON_FILE = "$(ICON_FILE_PATH)$(ICON)";
				ICON_FILE_PATH = "$(OF_PATH)/libs/openFrameworksCompiled/project/osx/";
				ICON_NAME_DEBUG = "icon-debug.icns";
				ICON_NAME_RELEASE = icon.icns;
				INFOPLIST_FILE = "openFrameworks-Info.plist";
				INSTALL_PATH = "$(HOME)/Applications";
				LIBRARY_SEARCH_PATHS = (
					"$(inherited)",
					"$(LIBRARY_SEARCH_PATHS_QUOTED_FOR_TARGET_1)",
					"$(LIBRARY_SEARCH_PATHS_QUOTED_FOR_TARGET_2)",
					"$(LIBRARY_SEARCH_PATHS_QUOTED_FOR_TARGET_3)",
					"$(LIBRARY_SEARCH_PATHS_QUOTED_FOR_TARGET_4)",
					"$(LIBRARY_SEARCH_PATHS_QUOTED_FOR_TARGET_5)",
					"$(LIBRARY_SEARCH_PATHS_QUOTED_FOR_TARGET_6)",
					"$(LIBRARY_SEARCH_PATHS_QUOTED_FOR_TARGET_7)",
					"$(LIBRARY_SEARCH_PATHS_QUOTED_FOR_TARGET_8)",
					"$(LIBRARY_SEARCH_PATHS_QUOTED_FOR_TARGET_9)",
					"$(LIBRARY_SEARCH_PATHS_QUOTED_FOR_TARGET_10)",
					"$(LIBRARY_SEARCH_PATHS_QUOTED_FOR_TARGET_11)",
					"$(LIBRARY_SEARCH_PATHS_QUOTED_FOR_TARGET_12)",
					"$(LIBRARY_SEARCH_PATHS_QUOTED_FOR_TARGET_13)",
					"$(LIBRARY_SEARCH_PATHS_QUOTED_FOR_TARGET_14)",
					"$(LIBRARY_SEARCH_PATHS_QUOTED_FOR_TARGET_15)",
					"$(LIBRARY_SEARCH_PATHS_QUOTED_FOR_TARGET_2)",
					"$(LIBRARY_SEARCH_PATHS_QUOTED_FOR_TARGET_3)",
					"$(LIBRARY_SEARCH_PATHS_QUOTED_FOR_TARGET_7)",
					"$(LIBRARY_SEARCH_PATHS_QUOTED_FOR_TARGET_8)",
					"$(LIBRARY_SEARCH_PATHS_QUOTED_FOR_TARGET_9)",
					"$(LIBRARY_SEARCH_PATHS_QUOTED_FOR_TARGET_10)",
					"$(LIBRARY_SEARCH_PATHS_QUOTED_FOR_TARGET_11)",
					"$(LIBRARY_SEARCH_PATHS_QUOTED_FOR_TARGET_12)",
					"$(LIBRARY_SEARCH_PATHS_QUOTED_FOR_TARGET_13)",
					"$(LIBRARY_SEARCH_PATHS_QUOTED_FOR_TARGET_16)",
					"$(LIBRARY_SEARCH_PATHS_QUOTED_FOR_TARGET_17)",
					"$(LIBRARY_SEARCH_PATHS_QUOTED_FOR_TARGET_18)",
					"$(LIBRARY_SEARCH_PATHS_QUOTED_FOR_TARGET_19)",
					"$(LIBRARY_SEARCH_PATHS_QUOTED_FOR_TARGET_20)",
					"$(LIBRARY_SEARCH_PATHS_QUOTED_FOR_TARGET_21)",
					"$(LIBRARY_SEARCH_PATHS_QUOTED_FOR_TARGET_22)",
					"$(LIBRARY_SEARCH_PATHS_QUOTED_FOR_TARGET_23)",
					"$(LIBRARY_SEARCH_PATHS_QUOTED_FOR_TARGET_24)",
					"$(LIBRARY_SEARCH_PATHS_QUOTED_FOR_TARGET_25)",
					"$(LIBRARY_SEARCH_PATHS_QUOTED_FOR_TARGET_26)",
					"$(LIBRARY_SEARCH_PATHS_QUOTED_FOR_TARGET_27)",
					"$(LIBRARY_SEARCH_PATHS_QUOTED_FOR_TARGET_28)",
					"$(LIBRARY_SEARCH_PATHS_QUOTED_FOR_TARGET_29)",
					"$(LIBRARY_SEARCH_PATHS_QUOTED_FOR_TARGET_30)",
					"$(LIBRARY_SEARCH_PATHS_QUOTED_FOR_TARGET_31)",
					"$(LIBRARY_SEARCH_PATHS_QUOTED_FOR_TARGET_32)",
					"$(LIBRARY_SEARCH_PATHS_QUOTED_FOR_TARGET_33)",
					"$(LIBRARY_SEARCH_PATHS_QUOTED_FOR_TARGET_34)",
					"$(LIBRARY_SEARCH_PATHS_QUOTED_FOR_TARGET_35)",
					"$(LIBRARY_SEARCH_PATHS_QUOTED_FOR_TARGET_36)",
					"$(LIBRARY_SEARCH_PATHS_QUOTED_FOR_TARGET_37)",
					"$(LIBRARY_SEARCH_PATHS_QUOTED_FOR_TARGET_38)",
					"$(LIBRARY_SEARCH_PATHS_QUOTED_FOR_TARGET_39)",
					"$(LIBRARY_SEARCH_PATHS_QUOTED_FOR_TARGET_40)",
					"$(LIBRARY_SEARCH_PATHS_QUOTED_FOR_TARGET_41)",
					"$(LIBRARY_SEARCH_PATHS_QUOTED_FOR_TARGET_42)",
					"$(LIBRARY_SEARCH_PATHS_QUOTED_FOR_TARGET_43)",
					"$(LIBRARY_SEARCH_PATHS_QUOTED_FOR_TARGET_44)",
					"$(LIBRARY_SEARCH_PATHS_QUOTED_FOR_TARGET_45)",
					"$(LIBRARY_SEARCH_PATHS_QUOTED_FOR_TARGET_46)",
					"$(LIBRARY_SEARCH_PATHS_QUOTED_FOR_TARGET_47)",
					"$(LIBRARY_SEARCH_PATHS_QUOTED_FOR_TARGET_48)",
					"$(LIBRARY_SEARCH_PATHS_QUOTED_FOR_TARGET_49)",
					"$(LIBRARY_SEARCH_PATHS_QUOTED_FOR_TARGET_50)",
					"$(LIBRARY_SEARCH_PATHS_QUOTED_FOR_TARGET_51)",
					"$(LIBRARY_SEARCH_PATHS_QUOTED_FOR_TARGET_52)",
				);
				PRODUCT_NAME = mov_scannerDebug;
				WRAPPER_EXTENSION = app;
			};
			name = Debug;
		};
		E4B69B610A3A1757003C02F2 /* Release */ = {
			isa = XCBuildConfiguration;
			buildSettings = {
				COMBINE_HIDPI_IMAGES = YES;
				COPY_PHASE_STRIP = YES;
				FRAMEWORK_SEARCH_PATHS = (
					"$(inherited)",
					"$(FRAMEWORK_SEARCH_PATHS_QUOTED_FOR_TARGET_1)",
				);
				FRAMEWORK_SEARCH_PATHS_QUOTED_FOR_TARGET_1 = "\"$(SRCROOT)/../../../libs/glut/lib/osx\"";
				GCC_GENERATE_DEBUGGING_SYMBOLS = YES;
				GCC_MODEL_TUNING = NONE;
				ICON = "$(ICON_NAME_RELEASE)";
				ICON_FILE = "$(ICON_FILE_PATH)$(ICON)";
				ICON_FILE_PATH = "$(OF_PATH)/libs/openFrameworksCompiled/project/osx/";
				ICON_NAME_DEBUG = "icon-debug.icns";
				ICON_NAME_RELEASE = icon.icns;
				INFOPLIST_FILE = "openFrameworks-Info.plist";
				INSTALL_PATH = "$(HOME)/Applications";
				LIBRARY_SEARCH_PATHS = (
					"$(inherited)",
					"$(LIBRARY_SEARCH_PATHS_QUOTED_FOR_TARGET_1)",
					"$(LIBRARY_SEARCH_PATHS_QUOTED_FOR_TARGET_2)",
					"$(LIBRARY_SEARCH_PATHS_QUOTED_FOR_TARGET_3)",
					"$(LIBRARY_SEARCH_PATHS_QUOTED_FOR_TARGET_4)",
					"$(LIBRARY_SEARCH_PATHS_QUOTED_FOR_TARGET_5)",
					"$(LIBRARY_SEARCH_PATHS_QUOTED_FOR_TARGET_6)",
					"$(LIBRARY_SEARCH_PATHS_QUOTED_FOR_TARGET_7)",
					"$(LIBRARY_SEARCH_PATHS_QUOTED_FOR_TARGET_8)",
					"$(LIBRARY_SEARCH_PATHS_QUOTED_FOR_TARGET_9)",
					"$(LIBRARY_SEARCH_PATHS_QUOTED_FOR_TARGET_10)",
					"$(LIBRARY_SEARCH_PATHS_QUOTED_FOR_TARGET_11)",
					"$(LIBRARY_SEARCH_PATHS_QUOTED_FOR_TARGET_12)",
					"$(LIBRARY_SEARCH_PATHS_QUOTED_FOR_TARGET_13)",
					"$(LIBRARY_SEARCH_PATHS_QUOTED_FOR_TARGET_14)",
					"$(LIBRARY_SEARCH_PATHS_QUOTED_FOR_TARGET_15)",
					"$(LIBRARY_SEARCH_PATHS_QUOTED_FOR_TARGET_2)",
					"$(LIBRARY_SEARCH_PATHS_QUOTED_1)",
					"$(LIBRARY_SEARCH_PATHS_QUOTED_FOR_TARGET_3)",
					"$(LIBRARY_SEARCH_PATHS_QUOTED_FOR_TARGET_7)",
					"$(LIBRARY_SEARCH_PATHS_QUOTED_FOR_TARGET_8)",
					"$(LIBRARY_SEARCH_PATHS_QUOTED_FOR_TARGET_9)",
					"$(LIBRARY_SEARCH_PATHS_QUOTED_FOR_TARGET_10)",
					"$(LIBRARY_SEARCH_PATHS_QUOTED_FOR_TARGET_11)",
					"$(LIBRARY_SEARCH_PATHS_QUOTED_FOR_TARGET_12)",
					"$(LIBRARY_SEARCH_PATHS_QUOTED_FOR_TARGET_13)",
					"$(LIBRARY_SEARCH_PATHS_QUOTED_FOR_TARGET_16)",
					"$(LIBRARY_SEARCH_PATHS_QUOTED_FOR_TARGET_17)",
					"$(LIBRARY_SEARCH_PATHS_QUOTED_FOR_TARGET_18)",
					"$(LIBRARY_SEARCH_PATHS_QUOTED_FOR_TARGET_19)",
					"$(LIBRARY_SEARCH_PATHS_QUOTED_FOR_TARGET_20)",
					"$(LIBRARY_SEARCH_PATHS_QUOTED_FOR_TARGET_21)",
					"$(LIBRARY_SEARCH_PATHS_QUOTED_FOR_TARGET_22)",
					"$(LIBRARY_SEARCH_PATHS_QUOTED_FOR_TARGET_23)",
					"$(LIBRARY_SEARCH_PATHS_QUOTED_FOR_TARGET_24)",
					"$(LIBRARY_SEARCH_PATHS_QUOTED_FOR_TARGET_25)",
					"$(LIBRARY_SEARCH_PATHS_QUOTED_FOR_TARGET_26)",
					"$(LIBRARY_SEARCH_PATHS_QUOTED_FOR_TARGET_27)",
					"$(LIBRARY_SEARCH_PATHS_QUOTED_FOR_TARGET_28)",
					"$(LIBRARY_SEARCH_PATHS_QUOTED_FOR_TARGET_29)",
					"$(LIBRARY_SEARCH_PATHS_QUOTED_FOR_TARGET_30)",
					"$(LIBRARY_SEARCH_PATHS_QUOTED_FOR_TARGET_31)",
					"$(LIBRARY_SEARCH_PATHS_QUOTED_FOR_TARGET_32)",
					"$(LIBRARY_SEARCH_PATHS_QUOTED_FOR_TARGET_33)",
					"$(LIBRARY_SEARCH_PATHS_QUOTED_FOR_TARGET_34)",
					"$(LIBRARY_SEARCH_PATHS_QUOTED_FOR_TARGET_35)",
					"$(LIBRARY_SEARCH_PATHS_QUOTED_FOR_TARGET_36)",
					"$(LIBRARY_SEARCH_PATHS_QUOTED_FOR_TARGET_37)",
					"$(LIBRARY_SEARCH_PATHS_QUOTED_FOR_TARGET_38)",
					"$(LIBRARY_SEARCH_PATHS_QUOTED_FOR_TARGET_39)",
					"$(LIBRARY_SEARCH_PATHS_QUOTED_FOR_TARGET_40)",
					"$(LIBRARY_SEARCH_PATHS_QUOTED_FOR_TARGET_41)",
					"$(LIBRARY_SEARCH_PATHS_QUOTED_FOR_TARGET_42)",
					"$(LIBRARY_SEARCH_PATHS_QUOTED_FOR_TARGET_43)",
					"$(LIBRARY_SEARCH_PATHS_QUOTED_FOR_TARGET_44)",
					"$(LIBRARY_SEARCH_PATHS_QUOTED_FOR_TARGET_45)",
					"$(LIBRARY_SEARCH_PATHS_QUOTED_FOR_TARGET_46)",
					"$(LIBRARY_SEARCH_PATHS_QUOTED_FOR_TARGET_47)",
					"$(LIBRARY_SEARCH_PATHS_QUOTED_FOR_TARGET_48)",
					"$(LIBRARY_SEARCH_PATHS_QUOTED_FOR_TARGET_49)",
					"$(LIBRARY_SEARCH_PATHS_QUOTED_FOR_TARGET_50)",
					"$(LIBRARY_SEARCH_PATHS_QUOTED_FOR_TARGET_51)",
				);
				PRODUCT_NAME = mov_scanner;
				WRAPPER_EXTENSION = app;
			};
			name = Release;
		};
/* End XCBuildConfiguration section */

/* Begin XCConfigurationList section */
		E4B69B4D0A3A1720003C02F2 /* Build configuration list for PBXProject "mov_scanner" */ = {
			isa = XCConfigurationList;
			buildConfigurations = (
				E4B69B4E0A3A1720003C02F2 /* Debug */,
				E4B69B4F0A3A1720003C02F2 /* Release */,
			);
			defaultConfigurationIsVisible = 0;
			defaultConfigurationName = Release;
		};
		E4B69B5F0A3A1757003C02F2 /* Build configuration list for PBXNativeTarget "mov_scanner" */ = {
			isa = XCConfigurationList;
			buildConfigurations = (
				E4B69B600A3A1757003C02F2 /* Debug */,
				E4B69B610A3A1757003C02F2 /* Release */,
			);
			defaultConfigurationIsVisible = 0;
			defaultConfigurationName = Release;
		};
/* End XCConfigurationList section */
	};
	rootObject = E4B69B4C0A3A1720003C02F2 /* Project object */;
}
